
Microsoft Visual Studio Solution File, Format Version 12.00
# Visual Studio 15
VisualStudioVersion = 15.0.28307.1000
MinimumVisualStudioVersion = 10.0.40219.1
Project("{8BC9CEB8-8B4A-11D0-8D11-00A0C91BC942}") = "CrackMe2", "CrackMe2\CrackMe2.vcxproj", "{585549EA-936A-4D68-B054-17CE427AE15C}"
EndProject
Global
	GlobalSection(SolutionConfigurationPlatforms) = preSolution
		Debug|x64 = Debug|x64
		Debug|x86 = Debug|x86
		Release|x64 = Release|x64
		Release|x86 = Release|x86
	EndGlobalSection
	GlobalSection(ProjectConfigurationPlatforms) = postSolution
		{585549EA-936A-4D68-B054-17CE427AE15C}.Debug|x64.ActiveCfg = Debug|x64
		{585549EA-936A-4D68-B054-17CE427AE15C}.Debug|x64.Build.0 = Debug|x64
		{585549EA-936A-4D68-B054-17CE427AE15C}.Debug|x86.ActiveCfg = Debug|Win32
		{585549EA-936A-4D68-B054-17CE427AE15C}.Debug|x86.Build.0 = Debug|Win32
		{585549EA-936A-4D68-B054-17CE427AE15C}.Release|x64.ActiveCfg = Release|x64
		{585549EA-936A-4D68-B054-17CE427AE15C}.Release|x64.Build.0 = Release|x64
		{585549EA-936A-4D68-B054-17CE427AE15C}.Release|x86.ActiveCfg = Release|Win32
		{585549EA-936A-4D68-B054-17CE427AE15C}.Release|x86.Build.0 = Release|Win32
	EndGlobalSection
	GlobalSection(SolutionProperties) = preSolution
		HideSolutionNode = FALSE
	EndGlobalSection
	GlobalSection(ExtensibilityGlobals) = postSolution
		SolutionGuid = {B7BF74E5-7E40-43A0-A250-645830931F7A}
	EndGlobalSection
EndGlobal
